
Microsoft Visual Studio Solution File, Format Version 12.00
# Visual Studio Version 16
VisualStudioVersion = 16.0.30204.135
MinimumVisualStudioVersion = 10.0.40219.1
Project("{9A19103F-16F7-4668-BE54-9A1E7A4F7556}") = "BaseDemo001", "BaseDemo001\BaseDemo001.csproj", "{36C21AC4-793D-4C9E-AC9B-D6DCD77468EA}"
EndProject
Project("{9A19103F-16F7-4668-BE54-9A1E7A4F7556}") = "DI002", "DI002\DI002.csproj", "{434579CB-573B-40D0-8DE7-D122D5573388}"
EndProject
Project("{9A19103F-16F7-4668-BE54-9A1E7A4F7556}") = "MultiDI003", "MultiDI003\MultiDI003.csproj", "{0F207C66-F888-4892-94DF-B73F3F4036A6}"
EndProject
Project("{9A19103F-16F7-4668-BE54-9A1E7A4F7556}") = "MW004", "MW004\MW004.csproj", "{6AA626BB-94E8-4D25-A519-219081F871F6}"
EndProject
Project("{9A19103F-16F7-4668-BE54-9A1E7A4F7556}") = "RequestCount005", "RequestCount005\RequestCount005.csproj", "{15DCCF6B-1473-474A-8B59-9211B67F8D69}"
EndProject
Project("{9A19103F-16F7-4668-BE54-9A1E7A4F7556}") = "Configuration006", "Configuration006\Configuration006.csproj", "{931FE66A-4BBE-41C5-BBED-FC67F0E422EB}"
EndProject
Project("{9A19103F-16F7-4668-BE54-9A1E7A4F7556}") = "Log007", "Log007\Log007.csproj", "{79F74EBB-4DBC-40E0-AAD1-97BFC43C5A74}"
EndProject
Project("{9A19103F-16F7-4668-BE54-9A1E7A4F7556}") = "NLog008", "NLog008\NLog008.csproj", "{83401747-8598-40B7-9053-DC4158868A6F}"
EndProject
Project("{9A19103F-16F7-4668-BE54-9A1E7A4F7556}") = "GlobalizationLocalization009", "GlobalizationLocalization009\GlobalizationLocalization009.csproj", "{7CC6F557-FC17-4845-858D-ED2F13AA30F2}"
EndProject
Project("{9A19103F-16F7-4668-BE54-9A1E7A4F7556}") = "HealthCheck010", "HealthCheck010\HealthCheck010.csproj", "{C9AAAFDF-3D39-45F3-9732-1C49E525BD2E}"
EndProject
Project("{9A19103F-16F7-4668-BE54-9A1E7A4F7556}") = "HttpClientDemo011", "HttpClientDemo011\HttpClientDemo011.csproj", "{268ECC4A-FC39-4C70-A20C-F20F0A581175}"
EndProject
Project("{FAE04EC0-301F-11D3-BF4B-00C04F79EFBC}") = "AuthorizationCookio012", "AuthorizationCookio012\AuthorizationCookio012.csproj", "{BB014587-4E38-4D62-AB4E-4C506700BE82}"
EndProject
Global
	GlobalSection(SolutionConfigurationPlatforms) = preSolution
		Debug|Any CPU = Debug|Any CPU
		Release|Any CPU = Release|Any CPU
	EndGlobalSection
	GlobalSection(ProjectConfigurationPlatforms) = postSolution
		{36C21AC4-793D-4C9E-AC9B-D6DCD77468EA}.Debug|Any CPU.ActiveCfg = Debug|Any CPU
		{36C21AC4-793D-4C9E-AC9B-D6DCD77468EA}.Debug|Any CPU.Build.0 = Debug|Any CPU
		{36C21AC4-793D-4C9E-AC9B-D6DCD77468EA}.Release|Any CPU.ActiveCfg = Release|Any CPU
		{36C21AC4-793D-4C9E-AC9B-D6DCD77468EA}.Release|Any CPU.Build.0 = Release|Any CPU
		{434579CB-573B-40D0-8DE7-D122D5573388}.Debug|Any CPU.ActiveCfg = Debug|Any CPU
		{434579CB-573B-40D0-8DE7-D122D5573388}.Debug|Any CPU.Build.0 = Debug|Any CPU
		{434579CB-573B-40D0-8DE7-D122D5573388}.Release|Any CPU.ActiveCfg = Release|Any CPU
		{434579CB-573B-40D0-8DE7-D122D5573388}.Release|Any CPU.Build.0 = Release|Any CPU
		{0F207C66-F888-4892-94DF-B73F3F4036A6}.Debug|Any CPU.ActiveCfg = Debug|Any CPU
		{0F207C66-F888-4892-94DF-B73F3F4036A6}.Debug|Any CPU.Build.0 = Debug|Any CPU
		{0F207C66-F888-4892-94DF-B73F3F4036A6}.Release|Any CPU.ActiveCfg = Release|Any CPU
		{0F207C66-F888-4892-94DF-B73F3F4036A6}.Release|Any CPU.Build.0 = Release|Any CPU
		{6AA626BB-94E8-4D25-A519-219081F871F6}.Debug|Any CPU.ActiveCfg = Debug|Any CPU
		{6AA626BB-94E8-4D25-A519-219081F871F6}.Debug|Any CPU.Build.0 = Debug|Any CPU
		{6AA626BB-94E8-4D25-A519-219081F871F6}.Release|Any CPU.ActiveCfg = Release|Any CPU
		{6AA626BB-94E8-4D25-A519-219081F871F6}.Release|Any CPU.Build.0 = Release|Any CPU
		{15DCCF6B-1473-474A-8B59-9211B67F8D69}.Debug|Any CPU.ActiveCfg = Debug|Any CPU
		{15DCCF6B-1473-474A-8B59-9211B67F8D69}.Debug|Any CPU.Build.0 = Debug|Any CPU
		{15DCCF6B-1473-474A-8B59-9211B67F8D69}.Release|Any CPU.ActiveCfg = Release|Any CPU
		{15DCCF6B-1473-474A-8B59-9211B67F8D69}.Release|Any CPU.Build.0 = Release|Any CPU
		{931FE66A-4BBE-41C5-BBED-FC67F0E422EB}.Debug|Any CPU.ActiveCfg = Debug|Any CPU
		{931FE66A-4BBE-41C5-BBED-FC67F0E422EB}.Debug|Any CPU.Build.0 = Debug|Any CPU
		{931FE66A-4BBE-41C5-BBED-FC67F0E422EB}.Release|Any CPU.ActiveCfg = Release|Any CPU
		{931FE66A-4BBE-41C5-BBED-FC67F0E422EB}.Release|Any CPU.Build.0 = Release|Any CPU
		{79F74EBB-4DBC-40E0-AAD1-97BFC43C5A74}.Debug|Any CPU.ActiveCfg = Debug|Any CPU
		{79F74EBB-4DBC-40E0-AAD1-97BFC43C5A74}.Debug|Any CPU.Build.0 = Debug|Any CPU
		{79F74EBB-4DBC-40E0-AAD1-97BFC43C5A74}.Release|Any CPU.ActiveCfg = Release|Any CPU
		{79F74EBB-4DBC-40E0-AAD1-97BFC43C5A74}.Release|Any CPU.Build.0 = Release|Any CPU
		{83401747-8598-40B7-9053-DC4158868A6F}.Debug|Any CPU.ActiveCfg = Debug|Any CPU
		{83401747-8598-40B7-9053-DC4158868A6F}.Debug|Any CPU.Build.0 = Debug|Any CPU
		{83401747-8598-40B7-9053-DC4158868A6F}.Release|Any CPU.ActiveCfg = Release|Any CPU
		{83401747-8598-40B7-9053-DC4158868A6F}.Release|Any CPU.Build.0 = Release|Any CPU
		{7CC6F557-FC17-4845-858D-ED2F13AA30F2}.Debug|Any CPU.ActiveCfg = Debug|Any CPU
		{7CC6F557-FC17-4845-858D-ED2F13AA30F2}.Debug|Any CPU.Build.0 = Debug|Any CPU
		{7CC6F557-FC17-4845-858D-ED2F13AA30F2}.Release|Any CPU.ActiveCfg = Release|Any CPU
		{7CC6F557-FC17-4845-858D-ED2F13AA30F2}.Release|Any CPU.Build.0 = Release|Any CPU
		{C9AAAFDF-3D39-45F3-9732-1C49E525BD2E}.Debug|Any CPU.ActiveCfg = Debug|Any CPU
		{C9AAAFDF-3D39-45F3-9732-1C49E525BD2E}.Debug|Any CPU.Build.0 = Debug|Any CPU
		{C9AAAFDF-3D39-45F3-9732-1C49E525BD2E}.Release|Any CPU.ActiveCfg = Release|Any CPU
		{C9AAAFDF-3D39-45F3-9732-1C49E525BD2E}.Release|Any CPU.Build.0 = Release|Any CPU
		{268ECC4A-FC39-4C70-A20C-F20F0A581175}.Debug|Any CPU.ActiveCfg = Debug|Any CPU
		{268ECC4A-FC39-4C70-A20C-F20F0A581175}.Debug|Any CPU.Build.0 = Debug|Any CPU
		{268ECC4A-FC39-4C70-A20C-F20F0A581175}.Release|Any CPU.ActiveCfg = Release|Any CPU
		{268ECC4A-FC39-4C70-A20C-F20F0A581175}.Release|Any CPU.Build.0 = Release|Any CPU
		{BB014587-4E38-4D62-AB4E-4C506700BE82}.Debug|Any CPU.ActiveCfg = Debug|Any CPU
		{BB014587-4E38-4D62-AB4E-4C506700BE82}.Debug|Any CPU.Build.0 = Debug|Any CPU
		{BB014587-4E38-4D62-AB4E-4C506700BE82}.Release|Any CPU.ActiveCfg = Release|Any CPU
		{BB014587-4E38-4D62-AB4E-4C506700BE82}.Release|Any CPU.Build.0 = Release|Any CPU
	EndGlobalSection
	GlobalSection(SolutionProperties) = preSolution
		HideSolutionNode = FALSE
	EndGlobalSection
	GlobalSection(ExtensibilityGlobals) = postSolution
		SolutionGuid = {4861B633-DFFF-4FE4-BBC1-837C0ABC949A}
	EndGlobalSection
EndGlobal
